{
  "requires": true,
  "lockfileVersion": 1,
  "dependencies": {
    "@nebular/auth": {
      "version": "4.3.1",
      "resolved": "https://registry.npmjs.org/@nebular/auth/-/auth-4.3.1.tgz",
      "integrity": "sha512-yRBRr88d9e7xKX+qKT3JxqhFIHoPI6Rm2RmbhgdxDgh2yrGiaDO+1DZrDXbZHlvtZ75Jr2meerJKLTVhIxRagA=="
    }
  }
}
